
Microsoft Visual Studio Solution File, Format Version 12.00
# Visual Studio Version 17
VisualStudioVersion = 17.0.31912.275
MinimumVisualStudioVersion = 10.0.40219.1
Project("{8BC9CEB8-8B4A-11D0-8D11-00A0C91BC942}") = "CS GO First Internal", "CS GO First Internal\CS GO First Internal.vcxproj", "{9C64DF97-3BCB-4DD9-BD43-15DB9EFF063B}"
EndProject
Global
	GlobalSection(SolutionConfigurationPlatforms) = preSolution
		Debug|x86 = Debug|x86
		Release|x86 = Release|x86
	EndGlobalSection
	GlobalSection(ProjectConfigurationPlatforms) = postSolution
		{9C64DF97-3BCB-4DD9-BD43-15DB9EFF063B}.Debug|x86.ActiveCfg = Debug|Win32
		{9C64DF97-3BCB-4DD9-BD43-15DB9EFF063B}.Debug|x86.Build.0 = Debug|Win32
		{9C64DF97-3BCB-4DD9-BD43-15DB9EFF063B}.Release|x86.ActiveCfg = Release|Win32
		{9C64DF97-3BCB-4DD9-BD43-15DB9EFF063B}.Release|x86.Build.0 = Release|Win32
	EndGlobalSection
	GlobalSection(SolutionProperties) = preSolution
		HideSolutionNode = FALSE
	EndGlobalSection
	GlobalSection(ExtensibilityGlobals) = postSolution
		SolutionGuid = {A7663699-3D7D-4215-B398-2A4D46207561}
	EndGlobalSection
EndGlobal
