<?xml version="1.0" encoding="utf-8"?>
<Project ToolsVersion="4.0" xmlns="http://schemas.microsoft.com/developer/msbuild/2003">
  <ItemGroup>
    <Filter Include="SDK">
      <UniqueIdentifier>{28ec36e5-af27-4d25-b2b6-bf4b73d4f097}</UniqueIdentifier>
    </Filter>
    <Filter Include="Features">
      <UniqueIdentifier>{48f94344-201b-4d91-8adc-01ef63612017}</UniqueIdentifier>
    </Filter>
    <Filter Include="Utils">
      <UniqueIdentifier>{86b7532f-a81d-4f9b-a545-0ebd935bc786}</UniqueIdentifier>
    </Filter>
    <Filter Include="Main">
      <UniqueIdentifier>{9ec69465-3953-4c9c-9b12-8d26099bdccb}</UniqueIdentifier>
    </Filter>
    <Filter Include="Gui">
      <UniqueIdentifier>{a87710c9-0538-445c-a85e-f275d593b201}</UniqueIdentifier>
    </Filter>
  </ItemGroup>
  <ItemGroup>
    <ClInclude Include="SDK\Offsets.hpp">
      <Filter>SDK</Filter>
    </ClInclude>
    <ClInclude Include="Features\Misc.hpp">
      <Filter>Features</Filter>
    </ClInclude>
    <ClInclude Include="Features\TriggerBot.hpp">
      <Filter>Features</Filter>
    </ClInclude>
    <ClInclude Include="SDK\CSGO\Cheat\CEntityPlayer.hpp">
      <Filter>SDK</Filter>
    </ClInclude>
    <ClInclude Include="SDK\Hazedumper.hpp">
      <Filter>SDK</Filter>
    </ClInclude>
    <ClInclude Include="Utils\Defines.hpp">
      <Filter>Utils</Filter>
    </ClInclude>
    <ClInclude Include="Utils\DataTypes\Vector3.hpp">
      <Filter>Utils</Filter>
    </ClInclude>
    <ClInclude Include="Core\Hack\Hack.hpp">
      <Filter>Main</Filter>
    </ClInclude>
    <ClInclude Include="SDK\C_Client.hpp">
      <Filter>SDK</Filter>
    </ClInclude>
    <ClInclude Include="SDK\C_GlowManager.hpp">
      <Filter>SDK</Filter>
    </ClInclude>
    <ClInclude Include="Features\Glow.hpp">
      <Filter>Features</Filter>
    </ClInclude>
    <ClInclude Include="Gui\Config.hpp">
      <Filter>Gui</Filter>
    </ClInclude>
    <ClInclude Include="Gui\Menu.hpp">
      <Filter>Gui</Filter>
    </ClInclude>
    <ClInclude Include="SDK\C_ColorRenderManager.hpp">
      <Filter>SDK</Filter>
    </ClInclude>
    <ClInclude Include="Features\Aimbot.hpp">
      <Filter>Features</Filter>
    </ClInclude>
    <ClInclude Include="Utils\Module.hpp">
      <Filter>Utils</Filter>
    </ClInclude>
    <ClInclude Include="Utils\Pad.hpp" />
    <ClInclude Include="SDK\CSGO\Interfaces\IClientEntityList.hpp" />
    <ClInclude Include="SDK\CSGO\Interfaces\IClientNetworkable.hpp" />
    <ClInclude Include="SDK\CSGO\Interfaces\IClientUnknown.hpp" />
    <ClInclude Include="SDK\CSGO\Interfaces.hpp" />
    <ClInclude Include="Core\Init\Init.hpp" />
    <ClInclude Include="Core\Console\Console.hpp" />
    <ClInclude Include="Core\Hooks\Hooks.hpp" />
    <ClInclude Include="SDK\CSGO\NetVarManager.hpp" />
    <ClInclude Include="SDK\CSGO\Game\ClientClass.hpp" />
    <ClInclude Include="SDK\CSGO\Game\DTRecv.hpp" />
    <ClInclude Include="SDK\CSGO\Interfaces\ICHLClient .hpp" />
    <ClInclude Include="SDK\VirtualMethod.hpp" />
    <ClInclude Include="SDK\DirectX\D3DX9.hpp" />
    <ClInclude Include="Core\Hooks\Targets\hkEndScene.hpp" />
    <ClInclude Include="SDK\DirectX\Render.hpp" />
    <ClInclude Include="Utils\DataTypes\Color.hpp" />
    <ClInclude Include="SDK\DirectX\Imgui\Backend\imgui_impl_dx9.h" />
    <ClInclude Include="SDK\DirectX\Imgui\Backend\imgui_impl_win32.h" />
    <ClInclude Include="SDK\DirectX\Imgui\imconfig.h" />
    <ClInclude Include="SDK\DirectX\Imgui\imgui.h" />
    <ClInclude Include="SDK\DirectX\Imgui\imgui_internal.h" />
    <ClInclude Include="SDK\DirectX\Imgui\imstb_rectpack.h" />
    <ClInclude Include="SDK\DirectX\Imgui\imstb_textedit.h" />
    <ClInclude Include="SDK\DirectX\Imgui\imstb_truetype.h" />
  </ItemGroup>
  <ItemGroup>
    <ClCompile Include="Features\Misc.cpp">
      <Filter>Features</Filter>
    </ClCompile>
    <ClCompile Include="Features\TriggerBot.cpp">
      <Filter>Features</Filter>
    </ClCompile>
    <ClCompile Include="SDK\CSGO\Cheat\CEntityPlayer.cpp">
      <Filter>SDK</Filter>
    </ClCompile>
    <ClCompile Include="Core\Hack\Hack.cpp">
      <Filter>Main</Filter>
    </ClCompile>
    <ClCompile Include="Core\dllmain.cpp">
      <Filter>Main</Filter>
    </ClCompile>
    <ClCompile Include="SDK\C_Client.cpp">
      <Filter>SDK</Filter>
    </ClCompile>
    <ClCompile Include="SDK\C_GlowManager.cpp">
      <Filter>SDK</Filter>
    </ClCompile>
    <ClCompile Include="Features\Glow.cpp">
      <Filter>Features</Filter>
    </ClCompile>
    <ClCompile Include="Gui\Menu.cpp">
      <Filter>Gui</Filter>
    </ClCompile>
    <ClCompile Include="SDK\C_ColorRenderManager.cpp">
      <Filter>SDK</Filter>
    </ClCompile>
    <ClCompile Include="Features\Aimbot.cpp">
      <Filter>Features</Filter>
    </ClCompile>
    <ClCompile Include="Utils\Module.cpp">
      <Filter>Utils</Filter>
    </ClCompile>
    <ClCompile Include="Core\Init\Init.cpp" />
    <ClCompile Include="SDK\CSGO\Interfaces.cpp" />
    <ClCompile Include="Core\Console\Console.cpp" />
    <ClCompile Include="Core\Hooks\Hooks.cpp" />
    <ClCompile Include="SDK\CSGO\NetVarManager.cpp" />
    <ClCompile Include="SDK\DirectX\D3DX9.cpp" />
    <ClCompile Include="Core\Hooks\Targets\hkEndScene.cpp" />
    <ClCompile Include="SDK\DirectX\Render.cpp" />
    <ClCompile Include="SDK\DirectX\Imgui\Backend\imgui_impl_dx9.cpp" />
    <ClCompile Include="SDK\DirectX\Imgui\Backend\imgui_impl_win32.cpp" />
    <ClCompile Include="SDK\DirectX\Imgui\imgui.cpp" />
    <ClCompile Include="SDK\DirectX\Imgui\imgui_demo.cpp" />
    <ClCompile Include="SDK\DirectX\Imgui\imgui_draw.cpp" />
    <ClCompile Include="SDK\DirectX\Imgui\imgui_tables.cpp" />
    <ClCompile Include="SDK\DirectX\Imgui\imgui_widgets.cpp" />
  </ItemGroup>
  <ItemGroup>
    <None Include="cpp.hint" />
  </ItemGroup>
</Project>