<?xml version="1.0" encoding="utf-8"?>
<Project ToolsVersion="4.0" xmlns="http://schemas.microsoft.com/developer/msbuild/2003">
  <ItemGroup>
    <Filter Include="SDK">
      <UniqueIdentifier>{28ec36e5-af27-4d25-b2b6-bf4b73d4f097}</UniqueIdentifier>
    </Filter>
    <Filter Include="Features">
      <UniqueIdentifier>{48f94344-201b-4d91-8adc-01ef63612017}</UniqueIdentifier>
    </Filter>
    <Filter Include="Utils">
      <UniqueIdentifier>{86b7532f-a81d-4f9b-a545-0ebd935bc786}</UniqueIdentifier>
    </Filter>
    <Filter Include="Main">
      <UniqueIdentifier>{9ec69465-3953-4c9c-9b12-8d26099bdccb}</UniqueIdentifier>
    </Filter>
    <Filter Include="Gui">
      <UniqueIdentifier>{a87710c9-0538-445c-a85e-f275d593b201}</UniqueIdentifier>
    </Filter>
  </ItemGroup>
  <ItemGroup>
    <ClInclude Include="SDK\Offsets.hpp">
      <Filter>SDK</Filter>
    </ClInclude>
    <ClInclude Include="Features\Misc.hpp">
      <Filter>Features</Filter>
    </ClInclude>
    <ClInclude Include="Features\TriggerBot.hpp">
      <Filter>Features</Filter>
    </ClInclude>
    <ClInclude Include="SDK\C_Entity.hpp">
      <Filter>SDK</Filter>
    </ClInclude>
    <ClInclude Include="SDK\Hazedumper.hpp">
      <Filter>SDK</Filter>
    </ClInclude>
    <ClInclude Include="Utils\Defines.hpp">
      <Filter>Utils</Filter>
    </ClInclude>
    <ClInclude Include="Utils\Vector3.hpp">
      <Filter>Utils</Filter>
    </ClInclude>
    <ClInclude Include="Main\Hack.hpp">
      <Filter>Main</Filter>
    </ClInclude>
    <ClInclude Include="Utils\Singleton.hpp">
      <Filter>Utils</Filter>
    </ClInclude>
    <ClInclude Include="SDK\C_Weapon.hpp">
      <Filter>SDK</Filter>
    </ClInclude>
    <ClInclude Include="SDK\C_Client.hpp">
      <Filter>SDK</Filter>
    </ClInclude>
    <ClInclude Include="SDK\C_GlowManager.hpp">
      <Filter>SDK</Filter>
    </ClInclude>
    <ClInclude Include="Features\Glow.hpp">
      <Filter>Features</Filter>
    </ClInclude>
    <ClInclude Include="Gui\Config.hpp">
      <Filter>Gui</Filter>
    </ClInclude>
    <ClInclude Include="Gui\Menu.hpp">
      <Filter>Gui</Filter>
    </ClInclude>
    <ClInclude Include="SDK\C_ColorRenderManager.hpp">
      <Filter>SDK</Filter>
    </ClInclude>
    <ClInclude Include="Features\Aimbot.hpp">
      <Filter>Features</Filter>
    </ClInclude>
    <ClInclude Include="Utils\Module.hpp">
      <Filter>Utils</Filter>
    </ClInclude>
  </ItemGroup>
  <ItemGroup>
    <ClCompile Include="Features\Misc.cpp">
      <Filter>Features</Filter>
    </ClCompile>
    <ClCompile Include="Features\TriggerBot.cpp">
      <Filter>Features</Filter>
    </ClCompile>
    <ClCompile Include="SDK\C_Entity.cpp">
      <Filter>SDK</Filter>
    </ClCompile>
    <ClCompile Include="Main\Hack.cpp">
      <Filter>Main</Filter>
    </ClCompile>
    <ClCompile Include="Main\main.cpp">
      <Filter>Main</Filter>
    </ClCompile>
    <ClCompile Include="Utils\Vector3.cpp">
      <Filter>Utils</Filter>
    </ClCompile>
    <ClCompile Include="SDK\C_Weapon.cpp">
      <Filter>SDK</Filter>
    </ClCompile>
    <ClCompile Include="SDK\C_Client.cpp">
      <Filter>SDK</Filter>
    </ClCompile>
    <ClCompile Include="SDK\C_GlowManager.cpp">
      <Filter>SDK</Filter>
    </ClCompile>
    <ClCompile Include="Features\Glow.cpp">
      <Filter>Features</Filter>
    </ClCompile>
    <ClCompile Include="Gui\Menu.cpp">
      <Filter>Gui</Filter>
    </ClCompile>
    <ClCompile Include="SDK\C_ColorRenderManager.cpp">
      <Filter>SDK</Filter>
    </ClCompile>
    <ClCompile Include="Features\Aimbot.cpp">
      <Filter>Features</Filter>
    </ClCompile>
    <ClCompile Include="Utils\Module.cpp">
      <Filter>Utils</Filter>
    </ClCompile>
  </ItemGroup>
  <ItemGroup>
    <None Include="SDK\cpp.hint" />
  </ItemGroup>
</Project>