<?xml version="1.0" encoding="utf-8"?>
<Project ToolsVersion="4.0" xmlns="http://schemas.microsoft.com/developer/msbuild/2003">
  <ItemGroup>
    <Filter Include="SDK">
      <UniqueIdentifier>{28ec36e5-af27-4d25-b2b6-bf4b73d4f097}</UniqueIdentifier>
    </Filter>
    <Filter Include="Features">
      <UniqueIdentifier>{48f94344-201b-4d91-8adc-01ef63612017}</UniqueIdentifier>
    </Filter>
    <Filter Include="Utils">
      <UniqueIdentifier>{86b7532f-a81d-4f9b-a545-0ebd935bc786}</UniqueIdentifier>
    </Filter>
    <Filter Include="Main">
      <UniqueIdentifier>{9ec69465-3953-4c9c-9b12-8d26099bdccb}</UniqueIdentifier>
    </Filter>
  </ItemGroup>
  <ItemGroup>
    <ClInclude Include="SDK\Offsets.hpp">
      <Filter>SDK</Filter>
    </ClInclude>
    <ClInclude Include="Features\Misc.hpp">
      <Filter>Features</Filter>
    </ClInclude>
    <ClInclude Include="Features\TriggerBot.hpp">
      <Filter>Features</Filter>
    </ClInclude>
    <ClInclude Include="SDK\Entity.hpp">
      <Filter>SDK</Filter>
    </ClInclude>
    <ClInclude Include="SDK\Hazedumper.hpp">
      <Filter>SDK</Filter>
    </ClInclude>
    <ClInclude Include="Utils\Defines.hpp">
      <Filter>Utils</Filter>
    </ClInclude>
    <ClInclude Include="Utils\Vector.hpp">
      <Filter>Utils</Filter>
    </ClInclude>
    <ClInclude Include="Main\Hack.hpp">
      <Filter>Main</Filter>
    </ClInclude>
    <ClInclude Include="Utils\Singleton.hpp">
      <Filter>Utils</Filter>
    </ClInclude>
  </ItemGroup>
  <ItemGroup>
    <ClCompile Include="Features\Misc.cpp">
      <Filter>Features</Filter>
    </ClCompile>
    <ClCompile Include="Features\TriggerBot.cpp">
      <Filter>Features</Filter>
    </ClCompile>
    <ClCompile Include="SDK\Entity.cpp">
      <Filter>SDK</Filter>
    </ClCompile>
    <ClCompile Include="Main\Hack.cpp">
      <Filter>Main</Filter>
    </ClCompile>
    <ClCompile Include="Main\main.cpp">
      <Filter>Main</Filter>
    </ClCompile>
    <ClCompile Include="Utils\Vector.cpp">
      <Filter>Utils</Filter>
    </ClCompile>
  </ItemGroup>
  <ItemGroup>
    <None Include="SDK\cpp.hint" />
  </ItemGroup>
</Project>